
Microsoft Visual Studio Solution File, Format Version 12.00
Project("{FAE04EC0-301F-11D3-BF4B-00C04F79EFBC}") = "25.02hw", "25.02hw\25.02hw.csproj", "{4FB27DC0-21CE-4C35-A6C5-37A73E8AC7E0}"
EndProject
Global
	GlobalSection(SolutionConfigurationPlatforms) = preSolution
		Debug|Any CPU = Debug|Any CPU
		Release|Any CPU = Release|Any CPU
	EndGlobalSection
	GlobalSection(ProjectConfigurationPlatforms) = postSolution
		{4FB27DC0-21CE-4C35-A6C5-37A73E8AC7E0}.Debug|Any CPU.ActiveCfg = Debug|Any CPU
		{4FB27DC0-21CE-4C35-A6C5-37A73E8AC7E0}.Debug|Any CPU.Build.0 = Debug|Any CPU
		{4FB27DC0-21CE-4C35-A6C5-37A73E8AC7E0}.Release|Any CPU.ActiveCfg = Release|Any CPU
		{4FB27DC0-21CE-4C35-A6C5-37A73E8AC7E0}.Release|Any CPU.Build.0 = Release|Any CPU
	EndGlobalSection
EndGlobal
